{
  "name": "paradox-client",
  "lockfileVersion": 2,
  "requires": true,
  "packages": {
    "": {
      "devDependencies": {
        "@types/ragemp-c": "github:CocaColaBear/types-ragemp-c#v1.0"
      }
    },
    "node_modules/@types/ragemp-c": {
      "version": "1.1.5",
      "resolved": "git+ssh://git@github.com/CocaColaBear/types-ragemp-c.git#b2b8cb42c3c147eb28bb59adf17055471fba7e62",
      "dev": true,
      "license": "MIT"
    }
  },
  "dependencies": {
    "@types/ragemp-c": {
      "version": "git+ssh://git@github.com/CocaColaBear/types-ragemp-c.git#b2b8cb42c3c147eb28bb59adf17055471fba7e62",
      "dev": true,
      "from": "@types/ragemp-c@github:CocaColaBear/types-ragemp-c#v1.0"
    }
  }
}
